
Microsoft Visual Studio Solution File, Format Version 11.00
# Visual Studio 2010
Project("{FAE04EC0-301F-11D3-BF4B-00C04F79EFBC}") = "Micycle", "Micycle\Micycle\Micycle.csproj", "{AF49B8A2-0962-4012-9D33-0CB28259A9A9}"
EndProject
Project("{FAE04EC0-301F-11D3-BF4B-00C04F79EFBC}") = "MicycleContent", "Micycle\MicycleContent\MicycleContent.contentproj", "{DF1128F2-C12E-480E-9C26-2C17F9D352F6}"
EndProject
Project("{FAE04EC0-301F-11D3-BF4B-00C04F79EFBC}") = "MiUtil", "MiUtil\MiUtil.csproj", "{8734C993-8822-49CF-9BA5-2562F2832891}"
EndProject
Global
	GlobalSection(SolutionConfigurationPlatforms) = preSolution
		Debug|x86 = Debug|x86
		Release|x86 = Release|x86
	EndGlobalSection
	GlobalSection(ProjectConfigurationPlatforms) = postSolution
		{AF49B8A2-0962-4012-9D33-0CB28259A9A9}.Debug|x86.ActiveCfg = Debug|x86
		{AF49B8A2-0962-4012-9D33-0CB28259A9A9}.Debug|x86.Build.0 = Debug|x86
		{AF49B8A2-0962-4012-9D33-0CB28259A9A9}.Release|x86.ActiveCfg = Release|x86
		{AF49B8A2-0962-4012-9D33-0CB28259A9A9}.Release|x86.Build.0 = Release|x86
		{DF1128F2-C12E-480E-9C26-2C17F9D352F6}.Debug|x86.ActiveCfg = Debug|x86
		{DF1128F2-C12E-480E-9C26-2C17F9D352F6}.Release|x86.ActiveCfg = Release|x86
		{8734C993-8822-49CF-9BA5-2562F2832891}.Debug|x86.ActiveCfg = Debug|x86
		{8734C993-8822-49CF-9BA5-2562F2832891}.Debug|x86.Build.0 = Debug|x86
		{8734C993-8822-49CF-9BA5-2562F2832891}.Release|x86.ActiveCfg = Release|x86
		{8734C993-8822-49CF-9BA5-2562F2832891}.Release|x86.Build.0 = Release|x86
	EndGlobalSection
	GlobalSection(SolutionProperties) = preSolution
		HideSolutionNode = FALSE
	EndGlobalSection
EndGlobal
